Microsoft Visual Studio Solution File, Format Version 12.00
# Visual Studio Version 17
VisualStudioVersion = 17.8.0.0
MinimumVisualStudioVersion = 17.8.0.0
Project("{9A19103F-16F7-4668-BE54-9A1E7A4F7556}") = "MyAspireApp.AppHost", "MyAspireApp.AppHost\MyAspireApp.AppHost.csproj", "{01D5990F-0AA9-4F50-B90D-EE39836B5A4D}"
EndProject
Project("{9A19103F-16F7-4668-BE54-9A1E7A4F7556}") = "MyAspireApp.ServiceDefaults", "MyAspireApp.ServiceDefaults\MyAspireApp.ServiceDefaults.csproj", "{A37AAEBE-4E60-432F-B8EA-0CC6335BA88C}"
EndProject
Project("{9A19103F-16F7-4668-BE54-9A1E7A4F7556}") = "MyAspireApp.ApiService", "MyAspireApp.ApiService\MyAspireApp.ApiService.csproj", "{1D24A5C7-F671-4983-A3C9-7D1C56BC30E1}"
EndProject
Project("{9A19103F-16F7-4668-BE54-9A1E7A4F7556}") = "MyAspireApp.Web", "MyAspireApp.Web\MyAspireApp.Web.csproj", "{6EE31EE6-02EF-44E9-849D-DBC8757A01AC}"
EndProject
Global
	GlobalSection(SolutionConfigurationPlatforms) = preSolution
		Debug|Any CPU = Debug|Any CPU
		Release|Any CPU = Release|Any CPU
	EndGlobalSection
	GlobalSection(ProjectConfigurationPlatforms) = postSolution
		{01D5990F-0AA9-4F50-B90D-EE39836B5A4D}.Debug|Any CPU.ActiveCfg = Debug|Any CPU
		{01D5990F-0AA9-4F50-B90D-EE39836B5A4D}.Debug|Any CPU.Build.0 = Debug|Any CPU
		{01D5990F-0AA9-4F50-B90D-EE39836B5A4D}.Release|Any CPU.ActiveCfg = Release|Any CPU
		{01D5990F-0AA9-4F50-B90D-EE39836B5A4D}.Release|Any CPU.Build.0 = Release|Any CPU
		{A37AAEBE-4E60-432F-B8EA-0CC6335BA88C}.Debug|Any CPU.ActiveCfg = Debug|Any CPU
		{A37AAEBE-4E60-432F-B8EA-0CC6335BA88C}.Debug|Any CPU.Build.0 = Debug|Any CPU
		{A37AAEBE-4E60-432F-B8EA-0CC6335BA88C}.Release|Any CPU.ActiveCfg = Release|Any CPU
		{A37AAEBE-4E60-432F-B8EA-0CC6335BA88C}.Release|Any CPU.Build.0 = Release|Any CPU
		{1D24A5C7-F671-4983-A3C9-7D1C56BC30E1}.Debug|Any CPU.ActiveCfg = Debug|Any CPU
		{1D24A5C7-F671-4983-A3C9-7D1C56BC30E1}.Debug|Any CPU.Build.0 = Debug|Any CPU
		{1D24A5C7-F671-4983-A3C9-7D1C56BC30E1}.Release|Any CPU.ActiveCfg = Release|Any CPU
		{1D24A5C7-F671-4983-A3C9-7D1C56BC30E1}.Release|Any CPU.Build.0 = Release|Any CPU
		{6EE31EE6-02EF-44E9-849D-DBC8757A01AC}.Debug|Any CPU.ActiveCfg = Debug|Any CPU
		{6EE31EE6-02EF-44E9-849D-DBC8757A01AC}.Debug|Any CPU.Build.0 = Debug|Any CPU
		{6EE31EE6-02EF-44E9-849D-DBC8757A01AC}.Release|Any CPU.ActiveCfg = Release|Any CPU
		{6EE31EE6-02EF-44E9-849D-DBC8757A01AC}.Release|Any CPU.Build.0 = Release|Any CPU
	EndGlobalSection
	GlobalSection(SolutionProperties) = preSolution
		HideSolutionNode = FALSE
	EndGlobalSection
	GlobalSection(ExtensibilityGlobals) = postSolution
		SolutionGuid = {E5785A89-8874-4A57-AFA3-9F21BFD34EBE}
	EndGlobalSection
EndGlobal
